{
  "name": "charts",
  "version": "1.0.0",
  "lockfileVersion": 3,
  "requires": true,
  "packages": {
    "": {
      "name": "charts",
      "version": "1.0.0",
      "license": "ISC",
      "dependencies": {
        "klinecharts": "^10.0.3"
      }
    },
    "node_modules/klinecharts": {
      "version": "10.0.3",
      "resolved": "https://registry.npmjs.org/klinecharts/-/klinecharts-10.0.3.tgz",
      "integrity": "sha512-phvf5CyS7oGE46nuC+nxQxl9D+8+5w8q3reExh0oNeMV1Jws4X0CMHNkOI9xlNA/XWctNS5whZ3PqIJi8YM2Tw==",
      "license": "Apache-2.0"
    }
  }
}
